# THIS IS AN AUTOGENERATED FILE. DO NOT EDIT THIS FILE DIRECTLY.
# yarn lockfile v1


"@types/node@^16.9.1":
  version "16.11.22"
  resolved "https://registry.yarnpkg.com/@types/node/-/node-16.11.22.tgz#e704150225bfc4195f8ce68a7ac8da02b753549a"
  integrity sha512-DYNtJWauMQ9RNpesl4aVothr97/tIJM8HbyOXJ0AYT1Z2bEjLHyfjOBPAQQVMLf8h3kSShYfNk8Wnto8B2zHUA==
